PODS:
  - AsyncDisplayKit (1.9.7.1):
    - AsyncDisplayKit/PINRemoteImage (= 1.9.7.1)
  - AsyncDisplayKit/ASDealloc2MainObject (1.9.7.1)
  - AsyncDisplayKit/PINRemoteImage (1.9.7.1):
    - AsyncDisplayKit/ASDealloc2MainObject
    - PINRemoteImage/iOS (>= 2.1.2)
  - ChameleonFramework/Default (2.1.0)
  - ChameleonFramework/Swift (2.1.0):
    - ChameleonFramework/Default
  - FZAccordionTableView (0.1.3)
  - PINCache (2.2.2)
  - PINRemoteImage/Core (2.1.2):
    - PINCache (>= 2.1)
  - PINRemoteImage/iOS (2.1.2):
    - PINRemoteImage/Core
  - RESideMenu (4.0.7)
  - SVProgressHUD (2.0.3)
  - SwiftyJSON (2.3.2)

DEPENDENCIES:
  - AsyncDisplayKit
  - ChameleonFramework/Swift
  - FZAccordionTableView (~> 0.1.3)
  - RESideMenu (~> 4.0.7)
  - SVProgressHUD
  - SwiftyJSON (from `https://github.com/SwiftyJSON/SwiftyJSON.git`)

EXTERNAL SOURCES:
  SwiftyJSON:
    :git: https://github.com/SwiftyJSON/SwiftyJSON.git

CHECKOUT OPTIONS:
  SwiftyJSON:
    :commit: 2a5b70f06001316d4fb54501edc70b4084705da0
    :git: https://github.com/SwiftyJSON/SwiftyJSON.git

SPEC CHECKSUMS:
  AsyncDisplayKit: 2b52f841e384e7326d4f59323b1bf35d00696e17
  ChameleonFramework: d21a3cc247abfe5e37609a283a8238b03575cf64
  FZAccordionTableView: 028b53ea3a208a5b3591650edb055444749c530b
  PINCache: 078426d356ab95ef875e9e62e5c35a2ea3333c28
  PINRemoteImage: 2ce3f1fcc52f0360a3821f91f1a1bc653c5d2338
  RESideMenu: f24c508404b49c667344c54aba7e590883533958
  SVProgressHUD: b0830714205bea1317ea1a2ebc71e5633af334d4
  SwiftyJSON: 04ccea08915aa0109039157c7974cf0298da292a

COCOAPODS: 0.39.0
